
Microsoft Visual Studio Solution File, Format Version 12.00
# Visual Studio Version 16
VisualStudioVersion = 16.0.33328.57
MinimumVisualStudioVersion = 10.0.40219.1
Project("{9A19103F-16F7-4668-BE54-9A1E7A4F7556}") = "FinalProject", "FinalProject\FinalProject.csproj", "{68340AE7-6610-4B21-8A23-61EC0E5F4FF0}"
EndProject
Project("{9A19103F-16F7-4668-BE54-9A1E7A4F7556}") = "APIBookController", "APIBookController\APIBookController.csproj", "{F2249535-DFB6-4FB3-BA33-98B94BC95674}"
EndProject
Global
	GlobalSection(SolutionConfigurationPlatforms) = preSolution
		Debug|Any CPU = Debug|Any CPU
		Release|Any CPU = Release|Any CPU
	EndGlobalSection
	GlobalSection(ProjectConfigurationPlatforms) = postSolution
		{68340AE7-6610-4B21-8A23-61EC0E5F4FF0}.Debug|Any CPU.ActiveCfg = Debug|Any CPU
		{68340AE7-6610-4B21-8A23-61EC0E5F4FF0}.Debug|Any CPU.Build.0 = Debug|Any CPU
		{68340AE7-6610-4B21-8A23-61EC0E5F4FF0}.Release|Any CPU.ActiveCfg = Release|Any CPU
		{68340AE7-6610-4B21-8A23-61EC0E5F4FF0}.Release|Any CPU.Build.0 = Release|Any CPU
		{F2249535-DFB6-4FB3-BA33-98B94BC95674}.Debug|Any CPU.ActiveCfg = Debug|Any CPU
		{F2249535-DFB6-4FB3-BA33-98B94BC95674}.Debug|Any CPU.Build.0 = Debug|Any CPU
		{F2249535-DFB6-4FB3-BA33-98B94BC95674}.Release|Any CPU.ActiveCfg = Release|Any CPU
		{F2249535-DFB6-4FB3-BA33-98B94BC95674}.Release|Any CPU.Build.0 = Release|Any CPU
	EndGlobalSection
	GlobalSection(SolutionProperties) = preSolution
		HideSolutionNode = FALSE
	EndGlobalSection
	GlobalSection(ExtensibilityGlobals) = postSolution
		SolutionGuid = {F5AA1DCD-CB12-4B43-A500-CD1AA510D3F0}
	EndGlobalSection
EndGlobal
